# THIS IS AN AUTOGENERATED FILE. DO NOT EDIT THIS FILE DIRECTLY.
# yarn lockfile v1


"@babel/parser@^7.15.0":
  version "7.15.8"
  resolved "https://registry.npmmirror.com/@babel/parser/download/@babel/parser-7.15.8.tgz#7bacdcbe71bdc3ff936d510c15dcea7cf0b99016"
  integrity sha1-e6zcvnG9w/+TbVEMFdzqfPC5kBY=

"@popperjs/core@^2.10.1":
  version "2.10.2"
  resolved "https://registry.yarnpkg.com/@popperjs/core/-/core-2.10.2.tgz#0798c03351f0dea1a5a4cabddf26a55a7cbee590"
  integrity sha512-IXf3XA7+XyN7CP9gGh/XB0UxVMlvARGEgGXLubFICsUMGz6Q+DU+i4gGlpOxTjKvXjkJDJC8YdqdKkDj9qZHEQ==

"@vitejs/plugin-vue@^1.2.5":
  version "1.9.3"
  resolved "https://registry.npmmirror.com/@vitejs/plugin-vue/download/@vitejs/plugin-vue-1.9.3.tgz#93d61893ce6c723d0209af0483ec8b91a2cd811f"
  integrity sha1-k9YYk85scj0CCa8Eg+yLkaLNgR8=

"@vue/compiler-core@3.2.20":
  version "3.2.20"
  resolved "https://registry.npmmirror.com/@vue/compiler-core/download/@vue/compiler-core-3.2.20.tgz?cache=0&sync_timestamp=1633712761777&other_urls=https%3A%2F%2Fregistry.npmmirror.com%2F%40vue%2Fcompiler-core%2Fdownload%2F%40vue%2Fcompiler-core-3.2.20.tgz#af5a3c5237818835b0d0be837eb5885a8d21c160"
  integrity sha1-r1o8UjeBiDWw0L6DfrWIWo0hwWA=
  dependencies:
    "@babel/parser" "^7.15.0"
    "@vue/shared" "3.2.20"
    estree-walker "^2.0.2"
    source-map "^0.6.1"

"@vue/compiler-dom@3.2.20":
  version "3.2.20"
  resolved "https://registry.npmmirror.com/@vue/compiler-dom/download/@vue/compiler-dom-3.2.20.tgz?cache=0&sync_timestamp=1633712762936&other_urls=https%3A%2F%2Fregistry.npmmirror.com%2F%40vue%2Fcompiler-dom%2Fdownload%2F%40vue%2Fcompiler-dom-3.2.20.tgz#8e0ef354449c0faf41519b00bfc2045eae01dcb5"
  integrity sha1-jg7zVEScD69BUZsAv8IEXq4B3LU=
  dependencies:
    "@vue/compiler-core" "3.2.20"
    "@vue/shared" "3.2.20"

"@vue/compiler-sfc@3.2.20", "@vue/compiler-sfc@^3.0.5":
  version "3.2.20"
  resolved "https://registry.npmmirror.com/@vue/compiler-sfc/download/@vue/compiler-sfc-3.2.20.tgz?cache=0&sync_timestamp=1633712762379&other_urls=https%3A%2F%2Fregistry.npmmirror.com%2F%40vue%2Fcompiler-sfc%2Fdownload%2F%40vue%2Fcompiler-sfc-3.2.20.tgz#2d7668e76f066c566dd7c09c15c9acce4e876e0a"
  integrity sha1-LXZo528GbFZt18CcFcmszk6Hbgo=
  dependencies:
    "@babel/parser" "^7.15.0"
    "@vue/compiler-core" "3.2.20"
    "@vue/compiler-dom" "3.2.20"
    "@vue/compiler-ssr" "3.2.20"
    "@vue/ref-transform" "3.2.20"
    "@vue/shared" "3.2.20"
    estree-walker "^2.0.2"
    magic-string "^0.25.7"
    postcss "^8.1.10"
    source-map "^0.6.1"

"@vue/compiler-ssr@3.2.20":
  version "3.2.20"
  resolved "https://registry.npmmirror.com/@vue/compiler-ssr/download/@vue/compiler-ssr-3.2.20.tgz?cache=0&sync_timestamp=1633712764229&other_urls=https%3A%2F%2Fregistry.npmmirror.com%2F%40vue%2Fcompiler-ssr%2Fdownload%2F%40vue%2Fcompiler-ssr-3.2.20.tgz#9cceb6261d9932cb5568202610c1c28f86c5e521"
  integrity sha1-nM62Jh2ZMstVaCAmEMHCj4bF5SE=
  dependencies:
    "@vue/compiler-dom" "3.2.20"
    "@vue/shared" "3.2.20"

"@vue/reactivity@3.2.20":
  version "3.2.20"
  resolved "https://registry.npmmirror.com/@vue/reactivity/download/@vue/reactivity-3.2.20.tgz?cache=0&sync_timestamp=1633712785771&other_urls=https%3A%2F%2Fregistry.npmmirror.com%2F%40vue%2Freactivity%2Fdownload%2F%40vue%2Freactivity-3.2.20.tgz#81fe1c368e7f20bc0ec1dec1045bbee253582de8"
  integrity sha1-gf4cNo5/ILwOwd7BBFu+4lNYLeg=
  dependencies:
    "@vue/shared" "3.2.20"

"@vue/ref-transform@3.2.20":
  version "3.2.20"
  resolved "https://registry.npmmirror.com/@vue/ref-transform/download/@vue/ref-transform-3.2.20.tgz?cache=0&sync_timestamp=1633712763825&other_urls=https%3A%2F%2Fregistry.npmmirror.com%2F%40vue%2Fref-transform%2Fdownload%2F%40vue%2Fref-transform-3.2.20.tgz#2a59ec90caf8e5c7336776a0900bff0a8b81c090"
  integrity sha1-KlnskMr45cczZ3agkAv/CouBwJA=
  dependencies:
    "@babel/parser" "^7.15.0"
    "@vue/compiler-core" "3.2.20"
    "@vue/shared" "3.2.20"
    estree-walker "^2.0.2"
    magic-string "^0.25.7"

"@vue/runtime-core@3.2.20":
  version "3.2.20"
  resolved "https://registry.npmmirror.com/@vue/runtime-core/download/@vue/runtime-core-3.2.20.tgz?cache=0&sync_timestamp=1633712786645&other_urls=https%3A%2F%2Fregistry.npmmirror.com%2F%40vue%2Fruntime-core%2Fdownload%2F%40vue%2Fruntime-core-3.2.20.tgz#8f63e956a3f88fb772541443c45a7701211012cb"
  integrity sha1-j2PpVqP4j7dyVBRDxFp3ASEQEss=
  dependencies:
    "@vue/reactivity" "3.2.20"
    "@vue/shared" "3.2.20"

"@vue/runtime-dom@3.2.20":
  version "3.2.20"
  resolved "https://registry.npmmirror.com/@vue/runtime-dom/download/@vue/runtime-dom-3.2.20.tgz?cache=0&sync_timestamp=1633712766458&other_urls=https%3A%2F%2Fregistry.npmmirror.com%2F%40vue%2Fruntime-dom%2Fdownload%2F%40vue%2Fruntime-dom-3.2.20.tgz#8aa56ae6c30f9cd4a71ca0e9ec3c4bdc67148d15"
  integrity sha1-iqVq5sMPnNSnHKDp7DxL3GcUjRU=
  dependencies:
    "@vue/runtime-core" "3.2.20"
    "@vue/shared" "3.2.20"
    csstype "^2.6.8"

"@vue/server-renderer@3.2.20":
  version "3.2.20"
  resolved "https://registry.npmmirror.com/@vue/server-renderer/download/@vue/server-renderer-3.2.20.tgz?cache=0&sync_timestamp=1633713532607&other_urls=https%3A%2F%2Fregistry.npmmirror.com%2F%40vue%2Fserver-renderer%2Fdownload%2F%40vue%2Fserver-renderer-3.2.20.tgz#705e07ae9425132b2b6227d308a51a13f4d4ec81"
  integrity sha1-cF4HrpQlEysrYifTCKUaE/TU7IE=
  dependencies:
    "@vue/compiler-ssr" "3.2.20"
    "@vue/shared" "3.2.20"

"@vue/shared@3.2.20":
  version "3.2.20"
  resolved "https://registry.npmmirror.com/@vue/shared/download/@vue/shared-3.2.20.tgz?cache=0&sync_timestamp=1633712765807&other_urls=https%3A%2F%2Fregistry.npmmirror.com%2F%40vue%2Fshared%2Fdownload%2F%40vue%2Fshared-3.2.20.tgz#53746961f731a8ea666e3316271e944238dc31db"
  integrity sha1-U3RpYfcxqOpmbjMWJx6UQjjcMds=

"@vueuse/core@~6.1.0":
  version "6.1.0"
  resolved "https://registry.yarnpkg.com/@vueuse/core/-/core-6.1.0.tgz#8137c291cf49b11c2deda4d5079096e55b36fc28"
  integrity sha512-6KienU5QOWKuDqvHytep14274IGKyLlACzXjifOrgDQMkqvWZIUnDhpckT/1+O8n8DN59d5wzzICZI/2sfGCyg==
  dependencies:
    "@vueuse/shared" "6.1.0"
    vue-demi "*"

"@vueuse/shared@6.1.0":
  version "6.1.0"
  resolved "https://registry.yarnpkg.com/@vueuse/shared/-/shared-6.1.0.tgz#1375fd41acefe52f9a1842f3c6a8a348786535ba"
  integrity sha512-teW0TUQryGnEprHeOI6oH8NPVJBirknxksEiNCtdEjIi8W7JSTg8JPO+e1XlGI6ly24NDlDXUDYaHJayiaXjuw==
  dependencies:
    vue-demi "*"

async-validator@^4.0.3:
  version "4.0.5"
  resolved "https://registry.yarnpkg.com/async-validator/-/async-validator-4.0.5.tgz#7e60dcebbecbe72ddc659f3972bf81181b824559"
  integrity sha512-xh1AFR/fde9XaPIRxxX4sPjX7JbNZrmiUmhh7vaicl8GdVS9N20EczB+NeCFYy545E21/xW6gBb2xPFVB0Qg0w==
  dependencies:
    url-regex "^5.0.0"

csstype@^2.6.8:
  version "2.6.18"
  resolved "https://registry.nlark.com/csstype/download/csstype-2.6.18.tgz?cache=0&sync_timestamp=1631540709509&other_urls=https%3A%2F%2Fregistry.nlark.com%2Fcsstype%2Fdownload%2Fcsstype-2.6.18.tgz#980a8b53085f34af313410af064f2bd241784218"
  integrity sha1-mAqLUwhfNK8xNBCvBk8r0kF4Qhg=

dayjs@^1.10.7:
  version "1.10.7"
  resolved "https://registry.yarnpkg.com/dayjs/-/dayjs-1.10.7.tgz#2cf5f91add28116748440866a0a1d26f3a6ce468"
  integrity sha512-P6twpd70BcPK34K26uJ1KT3wlhpuOAPoMwJzpsIWUxHZ7wpmbdZL/hQqBDfz7hGurYSa5PhzdhDHtt319hL3ig==

element-plus@^1.1.0-beta.20:
  version "1.1.0-beta.20"
  resolved "https://registry.yarnpkg.com/element-plus/-/element-plus-1.1.0-beta.20.tgz#59523c99a88ca4881d899ba8bb81c4a9273ed822"
  integrity sha512-5rBrLzfKGz4urSxqKi1tihylyotSswMCKdXpCAJAfRggMjtS1NfqVtrCYEPdjphmP2JHsj8TisDvbRTScRKF0Q==
  dependencies:
    "@popperjs/core" "^2.10.1"
    "@vueuse/core" "~6.1.0"
    async-validator "^4.0.3"
    dayjs "^1.10.7"
    lodash "^4.17.21"
    memoize-one "^5.2.1"
    normalize-wheel-es "^1.1.0"
    resize-observer-polyfill "^1.5.1"

esbuild-android-arm64@0.13.5:
  version "0.13.5"
  resolved "https://registry.npmmirror.com/esbuild-android-arm64/download/esbuild-android-arm64-0.13.5.tgz?cache=0&sync_timestamp=1634089328397&other_urls=https%3A%2F%2Fregistry.npmmirror.com%2Fesbuild-android-arm64%2Fdownload%2Fesbuild-android-arm64-0.13.5.tgz#a299a18fd8a016ae19fd948fc659b3f65d1b992f"
  integrity sha1-opmhj9igFq4Z/ZSPxlmz9l0bmS8=

esbuild-darwin-64@0.13.5:
  version "0.13.5"
  resolved "https://registry.npmmirror.com/esbuild-darwin-64/download/esbuild-darwin-64-0.13.5.tgz?cache=0&sync_timestamp=1634089319481&other_urls=https%3A%2F%2Fregistry.npmmirror.com%2Fesbuild-darwin-64%2Fdownload%2Fesbuild-darwin-64-0.13.5.tgz#01359f2c6921bd2704d0a895f5603ab33f2eeb1b"
  integrity sha1-ATWfLGkhvScE0KiV9WA6sz8u6xs=

esbuild-darwin-arm64@0.13.5:
  version "0.13.5"
  resolved "https://registry.npmmirror.com/esbuild-darwin-arm64/download/esbuild-darwin-arm64-0.13.5.tgz?cache=0&sync_timestamp=1634089320045&other_urls=https%3A%2F%2Fregistry.npmmirror.com%2Fesbuild-darwin-arm64%2Fdownload%2Fesbuild-darwin-arm64-0.13.5.tgz#1dbe362ebc9afcdab4f9af9bb320dacd73e2aedc"
  integrity sha1-Hb42Lrya/Nq0+a+bsyDazXPirtw=

esbuild-freebsd-64@0.13.5:
  version "0.13.5"
  resolved "https://registry.npmmirror.com/esbuild-freebsd-64/download/esbuild-freebsd-64-0.13.5.tgz?cache=0&sync_timestamp=1634089318549&other_urls=https%3A%2F%2Fregistry.npmmirror.com%2Fesbuild-freebsd-64%2Fdownload%2Fesbuild-freebsd-64-0.13.5.tgz#fecee59fa491a3f544c731b0c0319bd5a9da7d50"
  integrity sha1-/s7ln6SRo/VExzGwwDGb1anafVA=

esbuild-freebsd-arm64@0.13.5:
  version "0.13.5"
  resolved "https://registry.npmmirror.com/esbuild-freebsd-arm64/download/esbuild-freebsd-arm64-0.13.5.tgz?cache=0&sync_timestamp=1634089321243&other_urls=https%3A%2F%2Fregistry.npmmirror.com%2Fesbuild-freebsd-arm64%2Fdownload%2Fesbuild-freebsd-arm64-0.13.5.tgz#4e98c0e33ed19a63ffd4db87314986b9d93850b5"
  integrity sha1-TpjA4z7RmmP/1NuHMUmGudk4ULU=

esbuild-linux-32@0.13.5:
  version "0.13.5"
  resolved "https://registry.npmmirror.com/esbuild-linux-32/download/esbuild-linux-32-0.13.5.tgz?cache=0&sync_timestamp=1634089338390&other_urls=https%3A%2F%2Fregistry.npmmirror.com%2Fesbuild-linux-32%2Fdownload%2Fesbuild-linux-32-0.13.5.tgz#00083740af7f1416951c634a461e3d01ed812cd0"
  integrity sha1-AAg3QK9/FBaVHGNKRh49Ae2BLNA=

esbuild-linux-64@0.13.5:
  version "0.13.5"
  resolved "https://registry.npmmirror.com/esbuild-linux-64/download/esbuild-linux-64-0.13.5.tgz?cache=0&sync_timestamp=1634089338474&other_urls=https%3A%2F%2Fregistry.npmmirror.com%2Fesbuild-linux-64%2Fdownload%2Fesbuild-linux-64-0.13.5.tgz#49bd1648fd2070594fe3aad31925108ee2916216"
  integrity sha1-Sb0WSP0gcFlP46rTGSUQjuKRYhY=

esbuild-linux-arm64@0.13.5:
  version "0.13.5"
  resolved "https://registry.npmmirror.com/esbuild-linux-arm64/download/esbuild-linux-arm64-0.13.5.tgz#78ef0f20d2b175403552075cc6d6af80f55a22d8"
  integrity sha1-eO8PINKxdUA1UgdcxtavgPVaItg=

esbuild-linux-arm@0.13.5:
  version "0.13.5"
  resolved "https://registry.npmmirror.com/esbuild-linux-arm/download/esbuild-linux-arm-0.13.5.tgz?cache=0&sync_timestamp=1634089334032&other_urls=https%3A%2F%2Fregistry.npmmirror.com%2Fesbuild-linux-arm%2Fdownload%2Fesbuild-linux-arm-0.13.5.tgz#27c4e92a6597376a8c3fe8c79177d72ba77f8500"
  integrity sha1-J8TpKmWXN2qMP+jHkXfXK6d/hQA=

esbuild-linux-mips64le@0.13.5:
  version "0.13.5"
  resolved "https://registry.npmmirror.com/esbuild-linux-mips64le/download/esbuild-linux-mips64le-0.13.5.tgz#4061cbef41f96e4a176bebf7e7b2d6d397e05e86"
  integrity sha1-QGHL70H5bkoXa+v357LW05fgXoY=

esbuild-linux-ppc64le@0.13.5:
  version "0.13.5"
  resolved "https://registry.npmmirror.com/esbuild-linux-ppc64le/download/esbuild-linux-ppc64le-0.13.5.tgz#290a5caca6751b8c80c5d075cafe857102263118"
  integrity sha1-KQpcrKZ1G4yAxdB1yv6FcQImMRg=

esbuild-openbsd-64@0.13.5:
  version "0.13.5"
  resolved "https://registry.npmmirror.com/esbuild-openbsd-64/download/esbuild-openbsd-64-0.13.5.tgz?cache=0&sync_timestamp=1634089314861&other_urls=https%3A%2F%2Fregistry.npmmirror.com%2Fesbuild-openbsd-64%2Fdownload%2Fesbuild-openbsd-64-0.13.5.tgz#223eb2730a6fede7930a2b44b0b1d5b067a3cef5"
  integrity sha1-Ij6ycwpv7eeTCitEsLHVsGejzvU=

esbuild-sunos-64@0.13.5:
  version "0.13.5"
  resolved "https://registry.npmmirror.com/esbuild-sunos-64/download/esbuild-sunos-64-0.13.5.tgz#6f121ac285c298f09467748607cc0496ebbfd23e"
  integrity sha1-bxIawoXCmPCUZ3SGB8wEluu/0j4=

esbuild-windows-32@0.13.5:
  version "0.13.5"
  resolved "https://registry.npmmirror.com/esbuild-windows-32/download/esbuild-windows-32-0.13.5.tgz?cache=0&sync_timestamp=1634089318239&other_urls=https%3A%2F%2Fregistry.npmmirror.com%2Fesbuild-windows-32%2Fdownload%2Fesbuild-windows-32-0.13.5.tgz#0da6d240152f76f3dd764c0bb0391d894acd403f"
  integrity sha1-DabSQBUvdvPddkwLsDkdiUrNQD8=

esbuild-windows-64@0.13.5:
  version "0.13.5"
  resolved "https://registry.npmmirror.com/esbuild-windows-64/download/esbuild-windows-64-0.13.5.tgz#330266a2c95b26c2f949e9de9b0c366924fec53f"
  integrity sha1-MwJmoslbJsL5Senemww2aST+xT8=

esbuild-windows-arm64@0.13.5:
  version "0.13.5"
  resolved "https://registry.npmmirror.com/esbuild-windows-arm64/download/esbuild-windows-arm64-0.13.5.tgz#e0501e82b88f4165cce7cd017db83428f459f775"
  integrity sha1-4FAegriPQWXM580Bfbg0KPRZ93U=

esbuild@^0.13.2:
  version "0.13.5"
  resolved "https://registry.npmmirror.com/esbuild/download/esbuild-0.13.5.tgz?cache=0&other_urls=https%3A%2F%2Fregistry.npmmirror.com%2Fesbuild%2Fdownload%2Fesbuild-0.13.5.tgz#f9add2c2c899a9023dd7f7b64c452320f008aa79"
  integrity sha1-+a3SwsiZqQI91/e2TEUjIPAIqnk=
  optionalDependencies:
    esbuild-android-arm64 "0.13.5"
    esbuild-darwin-64 "0.13.5"
    esbuild-darwin-arm64 "0.13.5"
    esbuild-freebsd-64 "0.13.5"
    esbuild-freebsd-arm64 "0.13.5"
    esbuild-linux-32 "0.13.5"
    esbuild-linux-64 "0.13.5"
    esbuild-linux-arm "0.13.5"
    esbuild-linux-arm64 "0.13.5"
    esbuild-linux-mips64le "0.13.5"
    esbuild-linux-ppc64le "0.13.5"
    esbuild-openbsd-64 "0.13.5"
    esbuild-sunos-64 "0.13.5"
    esbuild-windows-32 "0.13.5"
    esbuild-windows-64 "0.13.5"
    esbuild-windows-arm64 "0.13.5"

estree-walker@^2.0.2:
  version "2.0.2"
  resolved "https://registry.nlark.com/estree-walker/download/estree-walker-2.0.2.tgz#52f010178c2a4c117a7757cfe942adb7d2da4cac"
  integrity sha1-UvAQF4wqTBF6d1fP6UKtt9LaTKw=

fsevents@~2.3.2:
  version "2.3.2"
  resolved "https://registry.npm.taobao.org/fsevents/download/fsevents-2.3.2.tgz#8a526f78b8fdf4623b709e0b975c52c24c02fd1a"
  integrity sha1-ilJveLj99GI7cJ4Ll1xSwkwC/Ro=

function-bind@^1.1.1:
  version "1.1.1"
  resolved "https://registry.nlark.com/function-bind/download/function-bind-1.1.1.tgz#a56899d3ea3c9bab874bb9773b7c5ede92f4895d"
  integrity sha1-pWiZ0+o8m6uHS7l3O3xe3pL0iV0=

has@^1.0.3:
  version "1.0.3"
  resolved "https://registry.nlark.com/has/download/has-1.0.3.tgz#722d7cbfc1f6aa8241f16dd814e011e1f41e8796"
  integrity sha1-ci18v8H2qoJB8W3YFOAR4fQeh5Y=
  dependencies:
    function-bind "^1.1.1"

ip-regex@^4.1.0:
  version "4.3.0"
  resolved "https://registry.yarnpkg.com/ip-regex/-/ip-regex-4.3.0.tgz#687275ab0f57fa76978ff8f4dddc8a23d5990db5"
  integrity sha512-B9ZWJxHHOHUhUjCPrMpLD4xEq35bUTClHM1S6CBU5ixQnkZmwipwgc96vAd7AAGM9TGHvJR+Uss+/Ak6UphK+Q==

is-core-module@^2.2.0:
  version "2.7.0"
  resolved "https://registry.npmmirror.com/is-core-module/download/is-core-module-2.7.0.tgz#3c0ef7d31b4acfc574f80c58409d568a836848e3"
  integrity sha1-PA730xtKz8V0+AxYQJ1WioNoSOM=
  dependencies:
    has "^1.0.3"

lodash@^4.17.21:
  version "4.17.21"
  resolved "https://registry.yarnpkg.com/lodash/-/lodash-4.17.21.tgz#679591c564c3bffaae8454cf0b3df370c3d6911c"
  integrity sha512-v2kDEe57lecTulaDIuNTPy3Ry4gLGJ6Z1O3vE1krgXZNrsQ+LFTGHVxVjcXPs17LhbZVGedAJv8XZ1tvj5FvSg==

magic-string@^0.25.7:
  version "0.25.7"
  resolved "https://registry.nlark.com/magic-string/download/magic-string-0.25.7.tgz?cache=0&sync_timestamp=1618847046304&other_urls=https%3A%2F%2Fregistry.nlark.com%2Fmagic-string%2Fdownload%2Fmagic-string-0.25.7.tgz#3f497d6fd34c669c6798dcb821f2ef31f5445051"
  integrity sha1-P0l9b9NMZpxnmNy4IfLvMfVEUFE=
  dependencies:
    sourcemap-codec "^1.4.4"

memoize-one@^5.2.1:
  version "5.2.1"
  resolved "https://registry.yarnpkg.com/memoize-one/-/memoize-one-5.2.1.tgz#8337aa3c4335581839ec01c3d594090cebe8f00e"
  integrity sha512-zYiwtZUcYyXKo/np96AGZAckk+FWWsUdJ3cHGGmld7+AhvcWmQyGCYUh1hc4Q/pkOhb65dQR/pqCyK0cOaHz4Q==

nanoid@^3.1.28:
  version "3.1.30"
  resolved "https://registry.npmmirror.com/nanoid/download/nanoid-3.1.30.tgz#63f93cc548d2a113dc5dfbc63bfa09e2b9b64362"
  integrity sha1-Y/k8xUjSoRPcXfvGO/oJ4rm2Q2I=

normalize-wheel-es@^1.1.0:
  version "1.1.0"
  resolved "https://registry.yarnpkg.com/normalize-wheel-es/-/normalize-wheel-es-1.1.0.tgz#db017af1dd5d4c6222c07ae38bc224049d25861e"
  integrity sha512-gkcE5xzp8WkSGgu2HItXePGyh3qDOetgPYg0RnjclOIaWTCMB75NTrk0t6KVlbm6ShSikV3ykBFZMiR9GDkvkA==

path-parse@^1.0.6:
  version "1.0.7"
  resolved "https://registry.nlark.com/path-parse/download/path-parse-1.0.7.tgz#fbc114b60ca42b30d9daf5858e4bd68bbedb6735"
  integrity sha1-+8EUtgykKzDZ2vWFjkvWi77bZzU=

picocolors@^0.2.1:
  version "0.2.1"
  resolved "https://registry.npmmirror.com/picocolors/download/picocolors-0.2.1.tgz?cache=0&sync_timestamp=1634093339035&other_urls=https%3A%2F%2Fregistry.npmmirror.com%2Fpicocolors%2Fdownload%2Fpicocolors-0.2.1.tgz#570670f793646851d1ba135996962abad587859f"
  integrity sha1-VwZw95NkaFHRuhNZlpYqutWHhZ8=

postcss@^8.1.10, postcss@^8.3.8:
  version "8.3.9"
  resolved "https://registry.npmmirror.com/postcss/download/postcss-8.3.9.tgz?cache=0&sync_timestamp=1633378842593&other_urls=https%3A%2F%2Fregistry.npmmirror.com%2Fpostcss%2Fdownload%2Fpostcss-8.3.9.tgz#98754caa06c4ee9eb59cc48bd073bb6bd3437c31"
  integrity sha1-mHVMqgbE7p61nMSL0HO7a9NDfDE=
  dependencies:
    nanoid "^3.1.28"
    picocolors "^0.2.1"
    source-map-js "^0.6.2"

resize-observer-polyfill@^1.5.1:
  version "1.5.1"
  resolved "https://registry.yarnpkg.com/resize-observer-polyfill/-/resize-observer-polyfill-1.5.1.tgz#0e9020dd3d21024458d4ebd27e23e40269810464"
  integrity sha512-LwZrotdHOo12nQuZlHEmtuXdqGoOD0OhaxopaNFxWzInpEgaLWoVuAMbTzixuosCx2nEG58ngzW3vxdWoxIgdg==

resolve@^1.20.0:
  version "1.20.0"
  resolved "https://registry.nlark.com/resolve/download/resolve-1.20.0.tgz#629a013fb3f70755d6f0b7935cc1c2c5378b1975"
  integrity sha1-YpoBP7P3B1XW8LeTXMHCxTeLGXU=
  dependencies:
    is-core-module "^2.2.0"
    path-parse "^1.0.6"

rollup@^2.57.0:
  version "2.58.0"
  resolved "https://registry.npmmirror.com/rollup/download/rollup-2.58.0.tgz?cache=0&sync_timestamp=1633071808909&other_urls=https%3A%2F%2Fregistry.npmmirror.com%2Frollup%2Fdownload%2Frollup-2.58.0.tgz#a643983365e7bf7f5b7c62a8331b983b7c4c67fb"
  integrity sha1-pkOYM2Xnv39bfGKoMxuYO3xMZ/s=
  optionalDependencies:
    fsevents "~2.3.2"

source-map-js@^0.6.2:
  version "0.6.2"
  resolved "https://registry.npm.taobao.org/source-map-js/download/source-map-js-0.6.2.tgz#0bb5de631b41cfbda6cfba8bd05a80efdfd2385e"
  integrity sha1-C7XeYxtBz72mz7qL0FqA79/SOF4=

source-map@^0.6.1:
  version "0.6.1"
  resolved "https://registry.nlark.com/source-map/download/source-map-0.6.1.tgz#74722af32e9614e9c287a8d0bbde48b5e2f1a263"
  integrity sha1-dHIq8y6WFOnCh6jQu95IteLxomM=

sourcemap-codec@^1.4.4:
  version "1.4.8"
  resolved "https://registry.nlark.com/sourcemap-codec/download/sourcemap-codec-1.4.8.tgz#ea804bd94857402e6992d05a38ef1ae35a9ab4c4"
  integrity sha1-6oBL2UhXQC5pktBaOO8a41qatMQ=

tlds@^1.203.0:
  version "1.224.0"
  resolved "https://registry.yarnpkg.com/tlds/-/tlds-1.224.0.tgz#dc9a5b0bda0708af0302114f6e24458770c5af01"
  integrity sha512-Jgdc8SEijbDFUsmCn6Wk/f7E6jBLFZOG3U1xK0amGSfEH55Xx97ItUS/d2NngsuApjn11UeWCWj8Um3VRhseZQ==

url-regex@^5.0.0:
  version "5.0.0"
  resolved "https://registry.yarnpkg.com/url-regex/-/url-regex-5.0.0.tgz#8f5456ab83d898d18b2f91753a702649b873273a"
  integrity sha512-O08GjTiAFNsSlrUWfqF1jH0H1W3m35ZyadHrGv5krdnmPPoxP27oDTqux/579PtaroiSGm5yma6KT1mHFH6Y/g==
  dependencies:
    ip-regex "^4.1.0"
    tlds "^1.203.0"

vite@^2.4.2:
  version "2.6.7"
  resolved "https://registry.npmmirror.com/vite/download/vite-2.6.7.tgz#e15c1d8327950720b5d7c4ec3fb36a5a58ccf7cb"
  integrity sha1-4VwdgyeVByC118TsP7NqWljM98s=
  dependencies:
    esbuild "^0.13.2"
    postcss "^8.3.8"
    resolve "^1.20.0"
    rollup "^2.57.0"
  optionalDependencies:
    fsevents "~2.3.2"

vue-demi@*:
  version "0.11.4"
  resolved "https://registry.yarnpkg.com/vue-demi/-/vue-demi-0.11.4.tgz#6101992fe4724cf5634018a16e953f3052e94e2a"
  integrity sha512-/3xFwzSykLW2HiiLie43a+FFgNOcokbBJ+fzvFXd0r2T8MYohqvphUyDQ8lbAwzQ3Dlcrb1c9ykifGkhSIAk6A==

vue-waterfall-plugin-next@^1.0.0:
  version "1.0.0"
  resolved "https://registry.yarnpkg.com/vue-waterfall-plugin-next/-/vue-waterfall-plugin-next-1.0.0.tgz#f680268201e4900e55fe583b08083180f8010be1"
  integrity sha512-bT2Min0mrKSer1iVhS1UcHRpRPiz/M14RiwH71cDO9+hZ/NXGxoTUFgT7lvOFXgnGIvlt9NXfqpi5n9GipyFfQ==
  dependencies:
    vue "^3.0.5"

vue-waterfall-plugin-next@^1.0.1:
  version "1.0.1"
  resolved "https://registry.yarnpkg.com/vue-waterfall-plugin-next/-/vue-waterfall-plugin-next-1.0.1.tgz#a566729e12cfad0c587ea1a0ea9b4480110e20bb"
  integrity sha512-sJ/q1s25HGkiPnIjAhHbYAaX2XbwiCVyzluQMK7vQ4JoVPZOjCt5a3J6IG3FELQvDfNQzZ6U00HAD0Xw9Qq0EQ==
  dependencies:
    element-plus "^1.1.0-beta.20"
    vue "^3.0.5"
    vue-waterfall-plugin-next "^1.0.0"

vue-waterfall-plugin-next@^1.0.2:
  version "1.0.2"
  resolved "https://registry.yarnpkg.com/vue-waterfall-plugin-next/-/vue-waterfall-plugin-next-1.0.2.tgz#a0e7c9046f3fb1c60d6a8765c2fc9cf07fab596b"
  integrity sha512-gahMcI1iAUStEJ7YylntktcAgbcWHZ7L8k6lJiMtk6PcInj5gOXHphyjQFUc+sOwvk3LNQl/kY9uKuEJnYfR+w==
  dependencies:
    element-plus "^1.1.0-beta.20"
    vue "^3.0.5"
    vue-waterfall-plugin-next "^1.0.1"

vue-waterfall-plugin-next@^1.0.3:
  version "1.0.3"
  resolved "https://registry.yarnpkg.com/vue-waterfall-plugin-next/-/vue-waterfall-plugin-next-1.0.3.tgz#95dd65598c01e768d1d82d1e38afe1290e0e3ef4"
  integrity sha512-ZJmMPD7E+RirRj7JUReP3lrtwVXNb8r487mksLGkxYj1mLF+x9KRZ/aYcOmajRBHRgwTy+kk7kGQsAt0lVpTzQ==
  dependencies:
    element-plus "^1.1.0-beta.20"
    vue "^3.0.5"
    vue-waterfall-plugin-next "^1.0.2"

vue-waterfall-plugin-next@^1.0.4:
  version "1.0.4"
  resolved "https://registry.yarnpkg.com/vue-waterfall-plugin-next/-/vue-waterfall-plugin-next-1.0.4.tgz#cb21ee301978e635826c359acdf4a4aa56f61c6c"
  integrity sha512-5zQwOXQnc7NMwRsJFJcGuwSBBi/YME57ooo4RLRlRC7dr78BGdTVd3fIRG0hXurNe2+E/cfML/i5eLrjD8NkCQ==
  dependencies:
    element-plus "^1.1.0-beta.20"
    vue "^3.0.5"
    vue-waterfall-plugin-next "^1.0.3"

vue-waterfall-plugin-next@^1.0.5:
  version "1.0.5"
  resolved "https://registry.yarnpkg.com/vue-waterfall-plugin-next/-/vue-waterfall-plugin-next-1.0.5.tgz#d92c0eb71d9f4692526059fc511bd5f876b181a0"
  integrity sha512-qMKSapKqdIr6tMf5tor3aMkTaX/dxd+vSZ4U+p8JcS3eXpoz35zU9kWRyooZXt6DwVeh+OPpigGk4rCxxD4ckw==
  dependencies:
    element-plus "^1.1.0-beta.20"
    vue "^3.0.5"
    vue-waterfall-plugin-next "^1.0.4"

vue@^3.0.5:
  version "3.2.20"
  resolved "https://registry.npmmirror.com/vue/download/vue-3.2.20.tgz?cache=0&sync_timestamp=1633712767060&other_urls=https%3A%2F%2Fregistry.npmmirror.com%2Fvue%2Fdownload%2Fvue-3.2.20.tgz#940f8aa8bf3e3be78243ca582bad41fcd45ae3e6"
  integrity sha1-lA+KqL8+O+eCQ8pYK61B/NRa4+Y=
  dependencies:
    "@vue/compiler-dom" "3.2.20"
    "@vue/compiler-sfc" "3.2.20"
    "@vue/runtime-dom" "3.2.20"
    "@vue/server-renderer" "3.2.20"
    "@vue/shared" "3.2.20"
